
Microsoft Visual Studio Solution File, Format Version 12.00
# Visual Studio 15
VisualStudioVersion = 15.0.27130.2027
MinimumVisualStudioVersion = 10.0.40219.1
Project("{2150E333-8FDC-42A3-9474-1A3956D46DE8}") = "app", "app", "{07081D27-3DDB-4054-BAC4-4B5F8F95EA13}"
EndProject
Project("{8BC9CEB8-8B4A-11D0-8D11-00A0C91BC942}") = "app", "app\app.vcxproj", "{B65A0FB2-E49B-4FE9-93F7-EAE6B8E51944}"
EndProject
Global
	GlobalSection(SolutionConfigurationPlatforms) = preSolution
		Debug|x64 = Debug|x64
		Release|x64 = Release|x64
	EndGlobalSection
	GlobalSection(ProjectConfigurationPlatforms) = postSolution
		{B65A0FB2-E49B-4FE9-93F7-EAE6B8E51944}.Debug|x64.ActiveCfg = Debug|x64
		{B65A0FB2-E49B-4FE9-93F7-EAE6B8E51944}.Debug|x64.Build.0 = Debug|x64
		{B65A0FB2-E49B-4FE9-93F7-EAE6B8E51944}.Release|x64.ActiveCfg = Release|x64
		{B65A0FB2-E49B-4FE9-93F7-EAE6B8E51944}.Release|x64.Build.0 = Release|x64
	EndGlobalSection
	GlobalSection(SolutionProperties) = preSolution
		HideSolutionNode = FALSE
	EndGlobalSection
	GlobalSection(NestedProjects) = preSolution
		{B65A0FB2-E49B-4FE9-93F7-EAE6B8E51944} = {07081D27-3DDB-4054-BAC4-4B5F8F95EA13}
	EndGlobalSection
	GlobalSection(ExtensibilityGlobals) = postSolution
		SolutionGuid = {FC0635D4-DDBA-4CFE-8273-5C4E51F2B97B}
	EndGlobalSection
EndGlobal
